// !$*UTF8*$!
{
	archiveVersion = 1;
	classes = {
	};
	objectVersion = 48;
	objects = {

/* Begin PBXBuildFile section */
		1E849FB521BA1E63001391A8 /* AppDelegate.swift in Sources */ = {isa = PBXBuildFile; fileRef = 1E849FB421BA1E63001391A8 /* AppDelegate.swift */; };
		1E849FB721BA1E63001391A8 /* ViewController.swift in Sources */ = {isa = PBXBuildFile; fileRef = 1E849FB621BA1E63001391A8 /* ViewController.swift */; };
		1E849FBA21BA1E63001391A8 /* Main.storyboard in Resources */ = {isa = PBXBuildFile; fileRef = 1E849FB821BA1E63001391A8 /* Main.storyboard */; };
		1E849FBD21BA1E63001391A8 /* Notebook.xcdatamodeld in Sources */ = {isa = PBXBuildFile; fileRef = 1E849FBB21BA1E63001391A8 /* Notebook.xcdatamodeld */; };
		1E849FBF21BA1E63001391A8 /* Assets.xcassets in Resources */ = {isa = PBXBuildFile; fileRef = 1E849FBE21BA1E63001391A8 /* Assets.xcassets */; };
		1E849FC221BA1E63001391A8 /* LaunchScreen.storyboard in Resources */ = {isa = PBXBuildFile; fileRef = 1E849FC021BA1E63001391A8 /* LaunchScreen.storyboard */; };
		2C5BD5F721BFA4D1001A130B /* toDoListTableViewController.swift in Sources */ = {isa = PBXBuildFile; fileRef = 2C5BD5F621BFA4D1001A130B /* toDoListTableViewController.swift */; };
		2C5BD5FB21BFF370001A130B /* customViewController.swift in Sources */ = {isa = PBXBuildFile; fileRef = 2C5BD5FA21BFF370001A130B /* customViewController.swift */; };
		2C5BD5FD21C00930001A130B /* toDoListTableViewCell.swift in Sources */ = {isa = PBXBuildFile; fileRef = 2C5BD5FC21C00930001A130B /* toDoListTableViewCell.swift */; };
		2C5BD60121C01742001A130B /* addToDo.swift in Sources */ = {isa = PBXBuildFile; fileRef = 2C5BD60021C01742001A130B /* addToDo.swift */; };
		2C983B0F21BD699B00826B12 /* NoteTableViewController.swift in Sources */ = {isa = PBXBuildFile; fileRef = 2C983B0E21BD699B00826B12 /* NoteTableViewController.swift */; };
		2C983B1121BD729600826B12 /* noteTableViewCell.swift in Sources */ = {isa = PBXBuildFile; fileRef = 2C983B1021BD729600826B12 /* noteTableViewCell.swift */; };
/* End PBXBuildFile section */

/* Begin PBXFileReference section */
		1E849FB121BA1E63001391A8 /* Notebook.app */ = {isa = PBXFileReference; explicitFileType = wrapper.application; includeInIndex = 0; path = Notebook.app; sourceTree = BUILT_PRODUCTS_DIR; };
		1E849FB421BA1E63001391A8 /* AppDelegate.swift */ = {isa = PBXFileReference; lastKnownFileType = sourcecode.swift; path = AppDelegate.swift; sourceTree = "<group>"; };
		1E849FB621BA1E63001391A8 /* ViewController.swift */ = {isa = PBXFileReference; lastKnownFileType = sourcecode.swift; path = ViewController.swift; sourceTree = "<group>"; };
		1E849FB921BA1E63001391A8 /* Base */ = {isa = PBXFileReference; lastKnownFileType = file.storyboard; name = Base; path = Base.lproj/Main.storyboard; sourceTree = "<group>"; };
		1E849FBC21BA1E63001391A8 /* Notebook.xcdatamodel */ = {isa = PBXFileReference; lastKnownFileType = wrapper.xcdatamodel; path = Notebook.xcdatamodel; sourceTree = "<group>"; };
		1E849FBE21BA1E63001391A8 /* Assets.xcassets */ = {isa = PBXFileReference; lastKnownFileType = folder.assetcatalog; path = Assets.xcassets; sourceTree = "<group>"; };
		1E849FC121BA1E63001391A8 /* Base */ = {isa = PBXFileReference; lastKnownFileType = file.storyboard; name = Base; path = Base.lproj/LaunchScreen.storyboard; sourceTree = "<group>"; };
		1E849FC321BA1E63001391A8 /* Info.plist */ = {isa = PBXFileReference; lastKnownFileType = text.plist.xml; path = Info.plist; sourceTree = "<group>"; };
		2C5BD5F621BFA4D1001A130B /* toDoListTableViewController.swift */ = {isa = PBXFileReference; lastKnownFileType = sourcecode.swift; path = toDoListTableViewController.swift; sourceTree = "<group>"; };
		2C5BD5FA21BFF370001A130B /* customViewController.swift */ = {isa = PBXFileReference; lastKnownFileType = sourcecode.swift; path = customViewController.swift; sourceTree = "<group>"; };
		2C5BD5FC21C00930001A130B /* toDoListTableViewCell.swift */ = {isa = PBXFileReference; lastKnownFileType = sourcecode.swift; path = toDoListTableViewCell.swift; sourceTree = "<group>"; };
		2C5BD60021C01742001A130B /* addToDo.swift */ = {isa = PBXFileReference; lastKnownFileType = sourcecode.swift; path = addToDo.swift; sourceTree = "<group>"; };
		2C983B0E21BD699B00826B12 /* NoteTableViewController.swift */ = {isa = PBXFileReference; lastKnownFileType = sourcecode.swift; path = NoteTableViewController.swift; sourceTree = "<group>"; };
		2C983B1021BD729600826B12 /* noteTableViewCell.swift */ = {isa = PBXFileReference; lastKnownFileType = sourcecode.swift; path = noteTableViewCell.swift; sourceTree = "<group>"; };
/* End PBXFileReference section */

/* Begin PBXFrameworksBuildPhase section */
		1E849FAE21BA1E63001391A8 /* Frameworks */ = {
			isa = PBXFrameworksBuildPhase;
			buildActionMask = 2147483647;
			files = (
			);
			runOnlyForDeploymentPostprocessing = 0;
		};
/* End PBXFrameworksBuildPhase section */

/* Begin PBXGroup section */
		1E849FA821BA1E63001391A8 = {
			isa = PBXGroup;
			children = (
				1E849FB321BA1E63001391A8 /* Notebook */,
				1E849FB221BA1E63001391A8 /* Products */,
			);
			sourceTree = "<group>";
		};
		1E849FB221BA1E63001391A8 /* Products */ = {
			isa = PBXGroup;
			children = (
				1E849FB121BA1E63001391A8 /* Notebook.app */,
			);
			name = Products;
			sourceTree = "<group>";
		};
		1E849FB321BA1E63001391A8 /* Notebook */ = {
			isa = PBXGroup;
			children = (
				1E849FB421BA1E63001391A8 /* AppDelegate.swift */,
				1E849FB621BA1E63001391A8 /* ViewController.swift */,
				2C983B0E21BD699B00826B12 /* NoteTableViewController.swift */,
				1E849FB821BA1E63001391A8 /* Main.storyboard */,
				1E849FBE21BA1E63001391A8 /* Assets.xcassets */,
				1E849FC021BA1E63001391A8 /* LaunchScreen.storyboard */,
				1E849FC321BA1E63001391A8 /* Info.plist */,
				1E849FBB21BA1E63001391A8 /* Notebook.xcdatamodeld */,
				2C983B1021BD729600826B12 /* noteTableViewCell.swift */,
				2C5BD5F621BFA4D1001A130B /* toDoListTableViewController.swift */,
				2C5BD5FA21BFF370001A130B /* customViewController.swift */,
				2C5BD5FC21C00930001A130B /* toDoListTableViewCell.swift */,
				2C5BD60021C01742001A130B /* addToDo.swift */,
			);
			path = Notebook;
			sourceTree = "<group>";
		};
/* End PBXGroup section */

/* Begin PBXNativeTarget section */
		1E849FB021BA1E63001391A8 /* Notebook */ = {
			isa = PBXNativeTarget;
			buildConfigurationList = 1E849FC621BA1E63001391A8 /* Build configuration list for PBXNativeTarget "Notebook" */;
			buildPhases = (
				1E849FAD21BA1E63001391A8 /* Sources */,
				1E849FAE21BA1E63001391A8 /* Frameworks */,
				1E849FAF21BA1E63001391A8 /* Resources */,
			);
			buildRules = (
			);
			dependencies = (
			);
			name = Notebook;
			productName = Notebook;
			productReference = 1E849FB121BA1E63001391A8 /* Notebook.app */;
			productType = "com.apple.product-type.application";
		};
/* End PBXNativeTarget section */

/* Begin PBXProject section */
		1E849FA921BA1E63001391A8 /* Project object */ = {
			isa = PBXProject;
			attributes = {
				LastSwiftUpdateCheck = 0920;
				LastUpgradeCheck = 0920;
				ORGANIZATIONNAME = "Sang Leo";
				TargetAttributes = {
					1E849FB021BA1E63001391A8 = {
						CreatedOnToolsVersion = 9.2;
						ProvisioningStyle = Automatic;
					};
				};
			};
			buildConfigurationList = 1E849FAC21BA1E63001391A8 /* Build configuration list for PBXProject "Notebook" */;
			compatibilityVersion = "Xcode 8.0";
			developmentRegion = en;
			hasScannedForEncodings = 0;
			knownRegions = (
				en,
				Base,
			);
			mainGroup = 1E849FA821BA1E63001391A8;
			productRefGroup = 1E849FB221BA1E63001391A8 /* Products */;
			projectDirPath = "";
			projectRoot = "";
			targets = (
				1E849FB021BA1E63001391A8 /* Notebook */,
			);
		};
/* End PBXProject section */

/* Begin PBXResourcesBuildPhase section */
		1E849FAF21BA1E63001391A8 /* Resources */ = {
			isa = PBXResourcesBuildPhase;
			buildActionMask = 2147483647;
			files = (
				1E849FC221BA1E63001391A8 /* LaunchScreen.storyboard in Resources */,
				1E849FBF21BA1E63001391A8 /* Assets.xcassets in Resources */,
				1E849FBA21BA1E63001391A8 /* Main.storyboard in Resources */,
			);
			runOnlyForDeploymentPostprocessing = 0;
		};
/* End PBXResourcesBuildPhase section */

/* Begin PBXSourcesBuildPhase section */
		1E849FAD21BA1E63001391A8 /* Sources */ = {
			isa = PBXSourcesBuildPhase;
			buildActionMask = 2147483647;
			files = (
				2C5BD5FB21BFF370001A130B /* customViewController.swift in Sources */,
				2C983B1121BD729600826B12 /* noteTableViewCell.swift in Sources */,
				2C5BD60121C01742001A130B /* addToDo.swift in Sources */,
				1E849FB721BA1E63001391A8 /* ViewController.swift in Sources */,
				2C5BD5FD21C00930001A130B /* toDoListTableViewCell.swift in Sources */,
				2C983B0F21BD699B00826B12 /* NoteTableViewController.swift in Sources */,
				1E849FBD21BA1E63001391A8 /* Notebook.xcdatamodeld in Sources */,
				1E849FB521BA1E63001391A8 /* AppDelegate.swift in Sources */,
				2C5BD5F721BFA4D1001A130B /* toDoListTableViewController.swift in Sources */,
			);
			runOnlyForDeploymentPostprocessing = 0;
		};
/* End PBXSourcesBuildPhase section */

/* Begin PBXVariantGroup section */
		1E849FB821BA1E63001391A8 /* Main.storyboard */ = {
			isa = PBXVariantGroup;
			children = (
				1E849FB921BA1E63001391A8 /* Base */,
			);
			name = Main.storyboard;
			sourceTree = "<group>";
		};
		1E849FC021BA1E63001391A8 /* LaunchScreen.storyboard */ = {
			isa = PBXVariantGroup;
			children = (
				1E849FC121BA1E63001391A8 /* Base */,
			);
			name = LaunchScreen.storyboard;
			sourceTree = "<group>";
		};
/* End PBXVariantGroup section */

/* Begin XCBuildConfiguration section */
		1E849FC421BA1E63001391A8 /* Debug */ = {
			isa = XCBuildConfiguration;
			buildSettings = {
				ALWAYS_SEARCH_USER_PATHS = NO;
				CLANG_ANALYZER_NONNULL = YES;
				CLANG_ANALYZER_NUMBER_OBJECT_CONVERSION = YES_AGGRESSIVE;
				CLANG_CXX_LANGUAGE_STANDARD = "gnu++14";
				CLANG_CXX_LIBRARY = "libc++";
				CLANG_ENABLE_MODULES = YES;
				CLANG_ENABLE_OBJC_ARC = YES;
				CLANG_WARN_BLOCK_CAPTURE_AUTORELEASING = YES;
				CLANG_WARN_BOOL_CONVERSION = YES;
				CLANG_WARN_COMMA = YES;
				CLANG_WARN_CONSTANT_CONVERSION = YES;
				CLANG_WARN_DIRECT_OBJC_ISA_USAGE = YES_ERROR;
				CLANG_WARN_DOCUMENTATION_COMMENTS = YES;
				CLANG_WARN_EMPTY_BODY = YES;
				CLANG_WARN_ENUM_CONVERSION = YES;
				CLANG_WARN_INFINITE_RECURSION = YES;
				CLANG_WARN_INT_CONVERSION = YES;
				CLANG_WARN_NON_LITERAL_NULL_CONVERSION = YES;
				CLANG_WARN_OBJC_LITERAL_CONVERSION = YES;
				CLANG_WARN_OBJC_ROOT_CLASS = YES_ERROR;
				CLANG_WARN_RANGE_LOOP_ANALYSIS = YES;
				CLANG_WARN_STRICT_PROTOTYPES = YES;
				CLANG_WARN_SUSPICIOUS_MOVE = YES;
				CLANG_WARN_UNGUARDED_AVAILABILITY = YES_AGGRESSIVE;
				CLANG_WARN_UNREACHABLE_CODE = YES;
				CLANG_WARN__DUPLICATE_METHOD_MATCH = YES;
				CODE_SIGN_IDENTITY = "iPhone Developer";
				COPY_PHASE_STRIP = NO;
				DEBUG_INFORMATION_FORMAT = dwarf;
				ENABLE_STRICT_OBJC_MSGSEND = YES;
				ENABLE_TESTABILITY = YES;
				GCC_C_LANGUAGE_STANDARD = gnu11;
				GCC_DYNAMIC_NO_PIC = NO;
				GCC_NO_COMMON_BLOCKS = YES;
				GCC_OPTIMIZATION_LEVEL = 0;
				GCC_PREPROCESSOR_DEFINITIONS = (
					"DEBUG=1",
					"$(inherited)",
				);
				GCC_WARN_64_TO_32_BIT_CONVERSION = YES;
				GCC_WARN_ABOUT_RETURN_TYPE = YES_ERROR;
				GCC_WARN_UNDECLARED_SELECTOR = YES;
				GCC_WARN_UNINITIALIZED_AUTOS = YES_AGGRESSIVE;
				GCC_WARN_UNUSED_FUNCTION = YES;
				GCC_WARN_UNUSED_VARIABLE = YES;
				IPHONEOS_DEPLOYMENT_TARGET = 11.2;
				MTL_ENABLE_DEBUG_INFO = YES;
				ONLY_ACTIVE_ARCH = YES;
				SDKROOT = iphoneos;
				SWIFT_ACTIVE_COMPILATION_CONDITIONS = DEBUG;
				SWIFT_OPTIMIZATION_LEVEL = "-Onone";
			};
			name = Debug;
		};
		1E849FC521BA1E63001391A8 /* Release */ = {
			isa = XCBuildConfiguration;
			buildSettings = {
				ALWAYS_SEARCH_USER_PATHS = NO;
				CLANG_ANALYZER_NONNULL = YES;
				CLANG_ANALYZER_NUMBER_OBJECT_CONVERSION = YES_AGGRESSIVE;
				CLANG_CXX_LANGUAGE_STANDARD = "gnu++14";
				CLANG_CXX_LIBRARY = "libc++";
				CLANG_ENABLE_MODULES = YES;
				CLANG_ENABLE_OBJC_ARC = YES;
				CLANG_WARN_BLOCK_CAPTURE_AUTORELEASING = YES;
				CLANG_WARN_BOOL_CONVERSION = YES;
				CLANG_WARN_COMMA = YES;
				CLANG_WARN_CONSTANT_CONVERSION = YES;
				CLANG_WARN_DIRECT_OBJC_ISA_USAGE = YES_ERROR;
				CLANG_WARN_DOCUMENTATION_COMMENTS = YES;
				CLANG_WARN_EMPTY_BODY = YES;
				CLANG_WARN_ENUM_CONVERSION = YES;
				CLANG_WARN_INFINITE_RECURSION = YES;
				CLANG_WARN_INT_CONVERSION = YES;
				CLANG_WARN_NON_LITERAL_NULL_CONVERSION = YES;
				CLANG_WARN_OBJC_LITERAL_CONVERSION = YES;
				CLANG_WARN_OBJC_ROOT_CLASS = YES_ERROR;
				CLANG_WARN_RANGE_LOOP_ANALYSIS = YES;
				CLANG_WARN_STRICT_PROTOTYPES = YES;
				CLANG_WARN_SUSPICIOUS_MOVE = YES;
				CLANG_WARN_UNGUARDED_AVAILABILITY = YES_AGGRESSIVE;
				CLANG_WARN_UNREACHABLE_CODE = YES;
				CLANG_WARN__DUPLICATE_METHOD_MATCH = YES;
				CODE_SIGN_IDENTITY = "iPhone Developer";
				COPY_PHASE_STRIP = NO;
				DEBUG_INFORMATION_FORMAT = "dwarf-with-dsym";
				ENABLE_NS_ASSERTIONS = NO;
				ENABLE_STRICT_OBJC_MSGSEND = YES;
				GCC_C_LANGUAGE_STANDARD = gnu11;
				GCC_NO_COMMON_BLOCKS = YES;
				GCC_WARN_64_TO_32_BIT_CONVERSION = YES;
				GCC_WARN_ABOUT_RETURN_TYPE = YES_ERROR;
				GCC_WARN_UNDECLARED_SELECTOR = YES;
				GCC_WARN_UNINITIALIZED_AUTOS = YES_AGGRESSIVE;
				GCC_WARN_UNUSED_FUNCTION = YES;
				GCC_WARN_UNUSED_VARIABLE = YES;
				IPHONEOS_DEPLOYMENT_TARGET = 11.2;
				MTL_ENABLE_DEBUG_INFO = NO;
				SDKROOT = iphoneos;
				SWIFT_OPTIMIZATION_LEVEL = "-Owholemodule";
				VALIDATE_PRODUCT = YES;
			};
			name = Release;
		};
		1E849FC721BA1E63001391A8 /* Debug */ = {
			isa = XCBuildConfiguration;
			buildSettings = {
				ASSETCATALOG_COMPILER_APPICON_NAME = AppIcon;
				CODE_SIGN_STYLE = Automatic;
				INFOPLIST_FILE = Notebook/Info.plist;
				IPHONEOS_DEPLOYMENT_TARGET = 11.0;
				LD_RUNPATH_SEARCH_PATHS = "$(inherited) @executable_path/Frameworks";
				PRODUCT_BUNDLE_IDENTIFIER = leonguyen.Notebook;
				PRODUCT_NAME = "$(TARGET_NAME)";
				SWIFT_VERSION = 4.0;
				TARGETED_DEVICE_FAMILY = "1,2";
			};
			name = Debug;
		};
		1E849FC821BA1E63001391A8 /* Release */ = {
			isa = XCBuildConfiguration;
			buildSettings = {
				ASSETCATALOG_COMPILER_APPICON_NAME = AppIcon;
				CODE_SIGN_STYLE = Automatic;
				INFOPLIST_FILE = Notebook/Info.plist;
				IPHONEOS_DEPLOYMENT_TARGET = 11.0;
				LD_RUNPATH_SEARCH_PATHS = "$(inherited) @executable_path/Frameworks";
				PRODUCT_BUNDLE_IDENTIFIER = leonguyen.Notebook;
				PRODUCT_NAME = "$(TARGET_NAME)";
				SWIFT_VERSION = 4.0;
				TARGETED_DEVICE_FAMILY = "1,2";
			};
			name = Release;
		};
/* End XCBuildConfiguration section */

/* Begin XCConfigurationList section */
		1E849FAC21BA1E63001391A8 /* Build configuration list for PBXProject "Notebook" */ = {
			isa = XCConfigurationList;
			buildConfigurations = (
				1E849FC421BA1E63001391A8 /* Debug */,
				1E849FC521BA1E63001391A8 /* Release */,
			);
			defaultConfigurationIsVisible = 0;
			defaultConfigurationName = Release;
		};
		1E849FC621BA1E63001391A8 /* Build configuration list for PBXNativeTarget "Notebook" */ = {
			isa = XCConfigurationList;
			buildConfigurations = (
				1E849FC721BA1E63001391A8 /* Debug */,
				1E849FC821BA1E63001391A8 /* Release */,
			);
			defaultConfigurationIsVisible = 0;
			defaultConfigurationName = Release;
		};
/* End XCConfigurationList section */

/* Begin XCVersionGroup section */
		1E849FBB21BA1E63001391A8 /* Notebook.xcdatamodeld */ = {
			isa = XCVersionGroup;
			children = (
				1E849FBC21BA1E63001391A8 /* Notebook.xcdatamodel */,
			);
			currentVersion = 1E849FBC21BA1E63001391A8 /* Notebook.xcdatamodel */;
			path = Notebook.xcdatamodeld;
			sourceTree = "<group>";
			versionGroupType = wrapper.xcdatamodel;
		};
/* End XCVersionGroup section */
	};
	rootObject = 1E849FA921BA1E63001391A8 /* Project object */;
}
